# This file is automatically @generated by Cargo.
# It is not intended for manual editing.
version = 4

[[package]]
name = "calendar-provider"
version = "0.1.0"
dependencies = [
 "task-core",
]

[[package]]
name = "llm-provider"
version = "0.1.0"
dependencies = [
 "task-core",
]

[[package]]
name = "task-core"
version = "0.1.0"

[[package]]
name = "task-store"
version = "0.1.0"
dependencies = [
 "task-core",
]

[[package]]
name = "task-sync"
version = "0.1.0"
dependencies = [
 "task-core",
]

[[package]]
name = "tasknotes-provider"
version = "0.1.0"
dependencies = [
 "task-core",
 "task-sync",
]
